// !$*UTF8*$!
{
	archiveVersion = 1;
	classes = {
	};
	objectVersion = 56;
	objects = {

/* Begin PBXBuildFile section */
		E73EDDAA2A988FA3006918EF /* AppDelegate.swift in Sources */ = {isa = PBXBuildFile; fileRef = E73EDDA92A988FA3006918EF /* AppDelegate.swift */; };
		E73EDDAC2A988FA3006918EF /* SceneDelegate.swift in Sources */ = {isa = PBXBuildFile; fileRef = E73EDDAB2A988FA3006918EF /* SceneDelegate.swift */; };
		E73EDDAE2A988FA3006918EF /* MainViewController.swift in Sources */ = {isa = PBXBuildFile; fileRef = E73EDDAD2A988FA3006918EF /* MainViewController.swift */; };
		E73EDDB32A988FA5006918EF /* Assets.xcassets in Resources */ = {isa = PBXBuildFile; fileRef = E73EDDB22A988FA5006918EF /* Assets.xcassets */; };
		E73EDDB62A988FA5006918EF /* LaunchScreen.storyboard in Resources */ = {isa = PBXBuildFile; fileRef = E73EDDB42A988FA5006918EF /* LaunchScreen.storyboard */; };
		E73EDDC62A9890F3006918EF /* .swiftlint.yml in Resources */ = {isa = PBXBuildFile; fileRef = E73EDDC52A9890F2006918EF /* .swiftlint.yml */; };
		E73EDDCB2A98957A006918EF /* InfoPlist.strings in Resources */ = {isa = PBXBuildFile; fileRef = E73EDDCD2A98957A006918EF /* InfoPlist.strings */; };
		E73EDDD12A989C17006918EF /* UIImageViewExtension.swift in Sources */ = {isa = PBXBuildFile; fileRef = E73EDDD02A989C17006918EF /* UIImageViewExtension.swift */; };
		E73EDDD32A989EE1006918EF /* TodoListViewController.swift in Sources */ = {isa = PBXBuildFile; fileRef = E73EDDD22A989EE1006918EF /* TodoListViewController.swift */; };
		E73EDDD52A989EEF006918EF /* CompletedListViewController.swift in Sources */ = {isa = PBXBuildFile; fileRef = E73EDDD42A989EEF006918EF /* CompletedListViewController.swift */; };
/* End PBXBuildFile section */

/* Begin PBXFileReference section */
		E73EDDA62A988FA3006918EF /* HIEHJ.app */ = {isa = PBXFileReference; explicitFileType = wrapper.application; includeInIndex = 0; path = HIEHJ.app; sourceTree = BUILT_PRODUCTS_DIR; };
		E73EDDA92A988FA3006918EF /* AppDelegate.swift */ = {isa = PBXFileReference; lastKnownFileType = sourcecode.swift; path = AppDelegate.swift; sourceTree = "<group>"; };
		E73EDDAB2A988FA3006918EF /* SceneDelegate.swift */ = {isa = PBXFileReference; lastKnownFileType = sourcecode.swift; path = SceneDelegate.swift; sourceTree = "<group>"; };
		E73EDDAD2A988FA3006918EF /* MainViewController.swift */ = {isa = PBXFileReference; lastKnownFileType = sourcecode.swift; path = MainViewController.swift; sourceTree = "<group>"; };
		E73EDDB22A988FA5006918EF /* Assets.xcassets */ = {isa = PBXFileReference; lastKnownFileType = folder.assetcatalog; path = Assets.xcassets; sourceTree = "<group>"; };
		E73EDDB52A988FA5006918EF /* Base */ = {isa = PBXFileReference; lastKnownFileType = file.storyboard; name = Base; path = Base.lproj/LaunchScreen.storyboard; sourceTree = "<group>"; };
		E73EDDB72A988FA5006918EF /* Info.plist */ = {isa = PBXFileReference; lastKnownFileType = text.plist.xml; path = Info.plist; sourceTree = "<group>"; };
		E73EDDC52A9890F2006918EF /* .swiftlint.yml */ = {isa = PBXFileReference; fileEncoding = 4; lastKnownFileType = text.yaml; path = .swiftlint.yml; sourceTree = "<group>"; };
		E73EDDCC2A98957A006918EF /* en */ = {isa = PBXFileReference; lastKnownFileType = text.plist.strings; name = en; path = en.lproj/InfoPlist.strings; sourceTree = "<group>"; };
		E73EDDCE2A989594006918EF /* ko */ = {isa = PBXFileReference; lastKnownFileType = text.plist.strings; name = ko; path = ko.lproj/InfoPlist.strings; sourceTree = "<group>"; };
		E73EDDD02A989C17006918EF /* UIImageViewExtension.swift */ = {isa = PBXFileReference; lastKnownFileType = sourcecode.swift; path = UIImageViewExtension.swift; sourceTree = "<group>"; };
		E73EDDD22A989EE1006918EF /* TodoListViewController.swift */ = {isa = PBXFileReference; lastKnownFileType = sourcecode.swift; path = TodoListViewController.swift; sourceTree = "<group>"; };
		E73EDDD42A989EEF006918EF /* CompletedListViewController.swift */ = {isa = PBXFileReference; lastKnownFileType = sourcecode.swift; path = CompletedListViewController.swift; sourceTree = "<group>"; };
/* End PBXFileReference section */

/* Begin PBXFrameworksBuildPhase section */
		E73EDDA32A988FA3006918EF /* Frameworks */ = {
			isa = PBXFrameworksBuildPhase;
			buildActionMask = 2147483647;
			files = (
			);
			runOnlyForDeploymentPostprocessing = 0;
		};
/* End PBXFrameworksBuildPhase section */

/* Begin PBXGroup section */
		E73EDD9D2A988FA3006918EF = {
			isa = PBXGroup;
			children = (
				E73EDDC52A9890F2006918EF /* .swiftlint.yml */,
				E73EDDA82A988FA3006918EF /* HIEHJ */,
				E73EDDA72A988FA3006918EF /* Products */,
			);
			sourceTree = "<group>";
		};
		E73EDDA72A988FA3006918EF /* Products */ = {
			isa = PBXGroup;
			children = (
				E73EDDA62A988FA3006918EF /* HIEHJ.app */,
			);
			name = Products;
			sourceTree = "<group>";
		};
		E73EDDA82A988FA3006918EF /* HIEHJ */ = {
			isa = PBXGroup;
			children = (
				E73EDDC02A988FED006918EF /* Resources */,
				E73EDDBF2A988FEA006918EF /* Sources */,
				E73EDDB72A988FA5006918EF /* Info.plist */,
				E73EDDCD2A98957A006918EF /* InfoPlist.strings */,
			);
			path = HIEHJ;
			sourceTree = "<group>";
		};
		E73EDDBD2A988FE1006918EF /* Models */ = {
			isa = PBXGroup;
			children = (
			);
			path = Models;
			sourceTree = "<group>";
		};
		E73EDDBF2A988FEA006918EF /* Sources */ = {
			isa = PBXGroup;
			children = (
				E73EDDBD2A988FE1006918EF /* Models */,
				E73EDDC12A989008006918EF /* Views */,
				E73EDDC22A989011006918EF /* Controllers */,
			);
			path = Sources;
			sourceTree = "<group>";
		};
		E73EDDC02A988FED006918EF /* Resources */ = {
			isa = PBXGroup;
			children = (
				E73EDDAB2A988FA3006918EF /* SceneDelegate.swift */,
				E73EDDA92A988FA3006918EF /* AppDelegate.swift */,
				E73EDDC32A98901A006918EF /* Assets */,
				E73EDDC42A989021006918EF /* Storyboards */,
				E73EDDCF2A989BE7006918EF /* Extensions */,
			);
			path = Resources;
			sourceTree = "<group>";
		};
		E73EDDC12A989008006918EF /* Views */ = {
			isa = PBXGroup;
			children = (
			);
			path = Views;
			sourceTree = "<group>";
		};
		E73EDDC22A989011006918EF /* Controllers */ = {
			isa = PBXGroup;
			children = (
				E73EDDAD2A988FA3006918EF /* MainViewController.swift */,
				E73EDDD22A989EE1006918EF /* TodoListViewController.swift */,
				E73EDDD42A989EEF006918EF /* CompletedListViewController.swift */,
			);
			path = Controllers;
			sourceTree = "<group>";
		};
		E73EDDC32A98901A006918EF /* Assets */ = {
			isa = PBXGroup;
			children = (
				E73EDDB22A988FA5006918EF /* Assets.xcassets */,
			);
			path = Assets;
			sourceTree = "<group>";
		};
		E73EDDC42A989021006918EF /* Storyboards */ = {
			isa = PBXGroup;
			children = (
				E73EDDB42A988FA5006918EF /* LaunchScreen.storyboard */,
			);
			path = Storyboards;
			sourceTree = "<group>";
		};
		E73EDDCF2A989BE7006918EF /* Extensions */ = {
			isa = PBXGroup;
			children = (
				E73EDDD02A989C17006918EF /* UIImageViewExtension.swift */,
			);
			path = Extensions;
			sourceTree = "<group>";
		};
/* End PBXGroup section */

/* Begin PBXNativeTarget section */
		E73EDDA52A988FA3006918EF /* HIEHJ */ = {
			isa = PBXNativeTarget;
			buildConfigurationList = E73EDDBA2A988FA5006918EF /* Build configuration list for PBXNativeTarget "HIEHJ" */;
			buildPhases = (
				E73EDDC82A9891E1006918EF /* SwiftLint Script */,
				E73EDDA22A988FA3006918EF /* Sources */,
				E73EDDA32A988FA3006918EF /* Frameworks */,
				E73EDDA42A988FA3006918EF /* Resources */,
			);
			buildRules = (
			);
			dependencies = (
			);
			name = HIEHJ;
			productName = HIEHJ;
			productReference = E73EDDA62A988FA3006918EF /* HIEHJ.app */;
			productType = "com.apple.product-type.application";
		};
/* End PBXNativeTarget section */

/* Begin PBXProject section */
		E73EDD9E2A988FA3006918EF /* Project object */ = {
			isa = PBXProject;
			attributes = {
				BuildIndependentTargetsInParallel = 1;
				LastSwiftUpdateCheck = 1430;
				LastUpgradeCheck = 1430;
				TargetAttributes = {
					E73EDDA52A988FA3006918EF = {
						CreatedOnToolsVersion = 14.3.1;
					};
				};
			};
			buildConfigurationList = E73EDDA12A988FA3006918EF /* Build configuration list for PBXProject "HIEHJ" */;
			compatibilityVersion = "Xcode 14.0";
			developmentRegion = en;
			hasScannedForEncodings = 0;
			knownRegions = (
				en,
				Base,
				ko,
			);
			mainGroup = E73EDD9D2A988FA3006918EF;
			productRefGroup = E73EDDA72A988FA3006918EF /* Products */;
			projectDirPath = "";
			projectRoot = "";
			targets = (
				E73EDDA52A988FA3006918EF /* HIEHJ */,
			);
		};
/* End PBXProject section */

/* Begin PBXResourcesBuildPhase section */
		E73EDDA42A988FA3006918EF /* Resources */ = {
			isa = PBXResourcesBuildPhase;
			buildActionMask = 2147483647;
			files = (
				E73EDDC62A9890F3006918EF /* .swiftlint.yml in Resources */,
				E73EDDB62A988FA5006918EF /* LaunchScreen.storyboard in Resources */,
				E73EDDB32A988FA5006918EF /* Assets.xcassets in Resources */,
				E73EDDCB2A98957A006918EF /* InfoPlist.strings in Resources */,
			);
			runOnlyForDeploymentPostprocessing = 0;
		};
/* End PBXResourcesBuildPhase section */

/* Begin PBXShellScriptBuildPhase section */
		E73EDDC82A9891E1006918EF /* SwiftLint Script */ = {
			isa = PBXShellScriptBuildPhase;
			alwaysOutOfDate = 1;
			buildActionMask = 2147483647;
			files = (
			);
			inputFileListPaths = (
			);
			inputPaths = (
			);
			name = "SwiftLint Script";
			outputFileListPaths = (
			);
			outputPaths = (
			);
			runOnlyForDeploymentPostprocessing = 0;
			shellPath = /bin/sh;
			shellScript = "# Type a script or drag a script file from your workspace to insert its path.\nexport PATH=\"$PATH:/opt/homebrew/bin\"\nif which swiftlint > /dev/null; then\n  swiftlint --fix --format\nelse\n  echo \"warning: SwiftLint not installed, download from https://github.com/realm/SwiftLint\"\nfi\n\n";
		};
/* End PBXShellScriptBuildPhase section */

/* Begin PBXSourcesBuildPhase section */
		E73EDDA22A988FA3006918EF /* Sources */ = {
			isa = PBXSourcesBuildPhase;
			buildActionMask = 2147483647;
			files = (
				E73EDDD52A989EEF006918EF /* CompletedListViewController.swift in Sources */,
				E73EDDAE2A988FA3006918EF /* MainViewController.swift in Sources */,
				E73EDDAA2A988FA3006918EF /* AppDelegate.swift in Sources */,
				E73EDDD12A989C17006918EF /* UIImageViewExtension.swift in Sources */,
				E73EDDAC2A988FA3006918EF /* SceneDelegate.swift in Sources */,
				E73EDDD32A989EE1006918EF /* TodoListViewController.swift in Sources */,
			);
			runOnlyForDeploymentPostprocessing = 0;
		};
/* End PBXSourcesBuildPhase section */

/* Begin PBXVariantGroup section */
		E73EDDB42A988FA5006918EF /* LaunchScreen.storyboard */ = {
			isa = PBXVariantGroup;
			children = (
				E73EDDB52A988FA5006918EF /* Base */,
			);
			name = LaunchScreen.storyboard;
			sourceTree = "<group>";
		};
		E73EDDCD2A98957A006918EF /* InfoPlist.strings */ = {
			isa = PBXVariantGroup;
			children = (
				E73EDDCC2A98957A006918EF /* en */,
				E73EDDCE2A989594006918EF /* ko */,
			);
			name = InfoPlist.strings;
			sourceTree = "<group>";
		};
/* End PBXVariantGroup section */

/* Begin XCBuildConfiguration section */
		E73EDDB82A988FA5006918EF /* Debug */ = {
			isa = XCBuildConfiguration;
			buildSettings = {
				ALWAYS_SEARCH_USER_PATHS = NO;
				CLANG_ANALYZER_LOCALIZABILITY_NONLOCALIZED = YES;
				CLANG_ANALYZER_NONNULL = YES;
				CLANG_ANALYZER_NUMBER_OBJECT_CONVERSION = YES_AGGRESSIVE;
				CLANG_CXX_LANGUAGE_STANDARD = "gnu++20";
				CLANG_ENABLE_MODULES = YES;
				CLANG_ENABLE_OBJC_ARC = YES;
				CLANG_ENABLE_OBJC_WEAK = YES;
				CLANG_WARN_BLOCK_CAPTURE_AUTORELEASING = YES;
				CLANG_WARN_BOOL_CONVERSION = YES;
				CLANG_WARN_COMMA = YES;
				CLANG_WARN_CONSTANT_CONVERSION = YES;
				CLANG_WARN_DEPRECATED_OBJC_IMPLEMENTATIONS = YES;
				CLANG_WARN_DIRECT_OBJC_ISA_USAGE = YES_ERROR;
				CLANG_WARN_DOCUMENTATION_COMMENTS = YES;
				CLANG_WARN_EMPTY_BODY = YES;
				CLANG_WARN_ENUM_CONVERSION = YES;
				CLANG_WARN_INFINITE_RECURSION = YES;
				CLANG_WARN_INT_CONVERSION = YES;
				CLANG_WARN_NON_LITERAL_NULL_CONVERSION = YES;
				CLANG_WARN_OBJC_IMPLICIT_RETAIN_SELF = YES;
				CLANG_WARN_OBJC_LITERAL_CONVERSION = YES;
				CLANG_WARN_OBJC_ROOT_CLASS = YES_ERROR;
				CLANG_WARN_QUOTED_INCLUDE_IN_FRAMEWORK_HEADER = YES;
				CLANG_WARN_RANGE_LOOP_ANALYSIS = YES;
				CLANG_WARN_STRICT_PROTOTYPES = YES;
				CLANG_WARN_SUSPICIOUS_MOVE = YES;
				CLANG_WARN_UNGUARDED_AVAILABILITY = YES_AGGRESSIVE;
				CLANG_WARN_UNREACHABLE_CODE = YES;
				CLANG_WARN__DUPLICATE_METHOD_MATCH = YES;
				COPY_PHASE_STRIP = NO;
				DEBUG_INFORMATION_FORMAT = dwarf;
				ENABLE_STRICT_OBJC_MSGSEND = YES;
				ENABLE_TESTABILITY = YES;
				GCC_C_LANGUAGE_STANDARD = gnu11;
				GCC_DYNAMIC_NO_PIC = NO;
				GCC_NO_COMMON_BLOCKS = YES;
				GCC_OPTIMIZATION_LEVEL = 0;
				GCC_PREPROCESSOR_DEFINITIONS = (
					"DEBUG=1",
					"$(inherited)",
				);
				GCC_WARN_64_TO_32_BIT_CONVERSION = YES;
				GCC_WARN_ABOUT_RETURN_TYPE = YES_ERROR;
				GCC_WARN_UNDECLARED_SELECTOR = YES;
				GCC_WARN_UNINITIALIZED_AUTOS = YES_AGGRESSIVE;
				GCC_WARN_UNUSED_FUNCTION = YES;
				GCC_WARN_UNUSED_VARIABLE = YES;
				IPHONEOS_DEPLOYMENT_TARGET = 16.4;
				MTL_ENABLE_DEBUG_INFO = INCLUDE_SOURCE;
				MTL_FAST_MATH = YES;
				ONLY_ACTIVE_ARCH = YES;
				SDKROOT = iphoneos;
				SWIFT_ACTIVE_COMPILATION_CONDITIONS = DEBUG;
				SWIFT_OPTIMIZATION_LEVEL = "-Onone";
			};
			name = Debug;
		};
		E73EDDB92A988FA5006918EF /* Release */ = {
			isa = XCBuildConfiguration;
			buildSettings = {
				ALWAYS_SEARCH_USER_PATHS = NO;
				CLANG_ANALYZER_LOCALIZABILITY_NONLOCALIZED = YES;
				CLANG_ANALYZER_NONNULL = YES;
				CLANG_ANALYZER_NUMBER_OBJECT_CONVERSION = YES_AGGRESSIVE;
				CLANG_CXX_LANGUAGE_STANDARD = "gnu++20";
				CLANG_ENABLE_MODULES = YES;
				CLANG_ENABLE_OBJC_ARC = YES;
				CLANG_ENABLE_OBJC_WEAK = YES;
				CLANG_WARN_BLOCK_CAPTURE_AUTORELEASING = YES;
				CLANG_WARN_BOOL_CONVERSION = YES;
				CLANG_WARN_COMMA = YES;
				CLANG_WARN_CONSTANT_CONVERSION = YES;
				CLANG_WARN_DEPRECATED_OBJC_IMPLEMENTATIONS = YES;
				CLANG_WARN_DIRECT_OBJC_ISA_USAGE = YES_ERROR;
				CLANG_WARN_DOCUMENTATION_COMMENTS = YES;
				CLANG_WARN_EMPTY_BODY = YES;
				CLANG_WARN_ENUM_CONVERSION = YES;
				CLANG_WARN_INFINITE_RECURSION = YES;
				CLANG_WARN_INT_CONVERSION = YES;
				CLANG_WARN_NON_LITERAL_NULL_CONVERSION = YES;
				CLANG_WARN_OBJC_IMPLICIT_RETAIN_SELF = YES;
				CLANG_WARN_OBJC_LITERAL_CONVERSION = YES;
				CLANG_WARN_OBJC_ROOT_CLASS = YES_ERROR;
				CLANG_WARN_QUOTED_INCLUDE_IN_FRAMEWORK_HEADER = YES;
				CLANG_WARN_RANGE_LOOP_ANALYSIS = YES;
				CLANG_WARN_STRICT_PROTOTYPES = YES;
				CLANG_WARN_SUSPICIOUS_MOVE = YES;
				CLANG_WARN_UNGUARDED_AVAILABILITY = YES_AGGRESSIVE;
				CLANG_WARN_UNREACHABLE_CODE = YES;
				CLANG_WARN__DUPLICATE_METHOD_MATCH = YES;
				COPY_PHASE_STRIP = NO;
				DEBUG_INFORMATION_FORMAT = "dwarf-with-dsym";
				ENABLE_NS_ASSERTIONS = NO;
				ENABLE_STRICT_OBJC_MSGSEND = YES;
				GCC_C_LANGUAGE_STANDARD = gnu11;
				GCC_NO_COMMON_BLOCKS = YES;
				GCC_WARN_64_TO_32_BIT_CONVERSION = YES;
				GCC_WARN_ABOUT_RETURN_TYPE = YES_ERROR;
				GCC_WARN_UNDECLARED_SELECTOR = YES;
				GCC_WARN_UNINITIALIZED_AUTOS = YES_AGGRESSIVE;
				GCC_WARN_UNUSED_FUNCTION = YES;
				GCC_WARN_UNUSED_VARIABLE = YES;
				IPHONEOS_DEPLOYMENT_TARGET = 16.4;
				MTL_ENABLE_DEBUG_INFO = NO;
				MTL_FAST_MATH = YES;
				SDKROOT = iphoneos;
				SWIFT_COMPILATION_MODE = wholemodule;
				SWIFT_OPTIMIZATION_LEVEL = "-O";
				VALIDATE_PRODUCT = YES;
			};
			name = Release;
		};
		E73EDDBB2A988FA5006918EF /* Debug */ = {
			isa = XCBuildConfiguration;
			buildSettings = {
				ASSETCATALOG_COMPILER_APPICON_NAME = AppIcon;
				ASSETCATALOG_COMPILER_GLOBAL_ACCENT_COLOR_NAME = AccentColor;
				CODE_SIGN_STYLE = Automatic;
				CURRENT_PROJECT_VERSION = 1;
				DEVELOPMENT_TEAM = 6QX787Y3Y6;
				GENERATE_INFOPLIST_FILE = YES;
				INFOPLIST_FILE = HIEHJ/Info.plist;
				INFOPLIST_KEY_UIApplicationSupportsIndirectInputEvents = YES;
				INFOPLIST_KEY_UILaunchStoryboardName = LaunchScreen;
				INFOPLIST_KEY_UISupportedInterfaceOrientations_iPad = "UIInterfaceOrientationPortrait UIInterfaceOrientationPortraitUpsideDown UIInterfaceOrientationLandscapeLeft UIInterfaceOrientationLandscapeRight";
				INFOPLIST_KEY_UISupportedInterfaceOrientations_iPhone = "UIInterfaceOrientationPortrait UIInterfaceOrientationLandscapeLeft UIInterfaceOrientationLandscapeRight";
				LD_RUNPATH_SEARCH_PATHS = (
					"$(inherited)",
					"@executable_path/Frameworks",
				);
				MARKETING_VERSION = 1.0;
				PRODUCT_BUNDLE_IDENTIFIER = com.brtr.HIEHJ;
				PRODUCT_NAME = "$(TARGET_NAME)";
				SWIFT_EMIT_LOC_STRINGS = YES;
				SWIFT_VERSION = 5.0;
				TARGETED_DEVICE_FAMILY = "1,2";
			};
			name = Debug;
		};
		E73EDDBC2A988FA5006918EF /* Release */ = {
			isa = XCBuildConfiguration;
			buildSettings = {
				ASSETCATALOG_COMPILER_APPICON_NAME = AppIcon;
				ASSETCATALOG_COMPILER_GLOBAL_ACCENT_COLOR_NAME = AccentColor;
				CODE_SIGN_STYLE = Automatic;
				CURRENT_PROJECT_VERSION = 1;
				DEVELOPMENT_TEAM = 6QX787Y3Y6;
				GENERATE_INFOPLIST_FILE = YES;
				INFOPLIST_FILE = HIEHJ/Info.plist;
				INFOPLIST_KEY_UIApplicationSupportsIndirectInputEvents = YES;
				INFOPLIST_KEY_UILaunchStoryboardName = LaunchScreen;
				INFOPLIST_KEY_UISupportedInterfaceOrientations_iPad = "UIInterfaceOrientationPortrait UIInterfaceOrientationPortraitUpsideDown UIInterfaceOrientationLandscapeLeft UIInterfaceOrientationLandscapeRight";
				INFOPLIST_KEY_UISupportedInterfaceOrientations_iPhone = "UIInterfaceOrientationPortrait UIInterfaceOrientationLandscapeLeft UIInterfaceOrientationLandscapeRight";
				LD_RUNPATH_SEARCH_PATHS = (
					"$(inherited)",
					"@executable_path/Frameworks",
				);
				MARKETING_VERSION = 1.0;
				PRODUCT_BUNDLE_IDENTIFIER = com.brtr.HIEHJ;
				PRODUCT_NAME = "$(TARGET_NAME)";
				SWIFT_EMIT_LOC_STRINGS = YES;
				SWIFT_VERSION = 5.0;
				TARGETED_DEVICE_FAMILY = "1,2";
			};
			name = Release;
		};
/* End XCBuildConfiguration section */

/* Begin XCConfigurationList section */
		E73EDDA12A988FA3006918EF /* Build configuration list for PBXProject "HIEHJ" */ = {
			isa = XCConfigurationList;
			buildConfigurations = (
				E73EDDB82A988FA5006918EF /* Debug */,
				E73EDDB92A988FA5006918EF /* Release */,
			);
			defaultConfigurationIsVisible = 0;
			defaultConfigurationName = Release;
		};
		E73EDDBA2A988FA5006918EF /* Build configuration list for PBXNativeTarget "HIEHJ" */ = {
			isa = XCConfigurationList;
			buildConfigurations = (
				E73EDDBB2A988FA5006918EF /* Debug */,
				E73EDDBC2A988FA5006918EF /* Release */,
			);
			defaultConfigurationIsVisible = 0;
			defaultConfigurationName = Release;
		};
/* End XCConfigurationList section */
	};
	rootObject = E73EDD9E2A988FA3006918EF /* Project object */;
}
